 <html><head><title>Foo</title><link rel="stylesheet" href="http://localhost/public/css/bootstrap.css"></head><body> <div class="jumbotron"><div class="container"><h1>Web title</h1><p>Hola lalocura</p></div></div> <div class="container"><h1>I'm the father</h1><hr>0123456789<h2>I'm from father lalocura</h2><h2>I'm from child >:D</h2><hr><h3>I'm child hola lalocura</h3></div></body></html> 